// !$*UTF8*$!
{
	archiveVersion = 1;
	classes = {
	};
	objectVersion = 56;
	objects = {

/* Begin PBXBuildFile section */
		22B5A3142AEB72C200FC081C /* AppDelegate.swift in Sources */ = {isa = PBXBuildFile; fileRef = 22B5A3132AEB72C200FC081C /* AppDelegate.swift */; };
		22B5A3162AEB72C200FC081C /* SceneDelegate.swift in Sources */ = {isa = PBXBuildFile; fileRef = 22B5A3152AEB72C200FC081C /* SceneDelegate.swift */; };
		22B5A31D2AEB72C300FC081C /* Assets.xcassets in Resources */ = {isa = PBXBuildFile; fileRef = 22B5A31C2AEB72C300FC081C /* Assets.xcassets */; };
		22B5A3202AEB72C300FC081C /* LaunchScreen.storyboard in Resources */ = {isa = PBXBuildFile; fileRef = 22B5A31E2AEB72C300FC081C /* LaunchScreen.storyboard */; };
		22B5A32A2AEB731B00FC081C /* CharacteriOS.framework in Frameworks */ = {isa = PBXBuildFile; fileRef = 22B5A3282AEB731B00FC081C /* CharacteriOS.framework */; };
		22B5A32B2AEB731B00FC081C /* CharacteriOS.framework in Embed Frameworks */ = {isa = PBXBuildFile; fileRef = 22B5A3282AEB731B00FC081C /* CharacteriOS.framework */; settings = {ATTRIBUTES = (CodeSignOnCopy, RemoveHeadersOnCopy, ); }; };
		22B5A32C2AEB731B00FC081C /* Marvel.framework in Frameworks */ = {isa = PBXBuildFile; fileRef = 22B5A3292AEB731B00FC081C /* Marvel.framework */; };
		22B5A32D2AEB731B00FC081C /* Marvel.framework in Embed Frameworks */ = {isa = PBXBuildFile; fileRef = 22B5A3292AEB731B00FC081C /* Marvel.framework */; settings = {ATTRIBUTES = (CodeSignOnCopy, RemoveHeadersOnCopy, ); }; };
		22B5A33F2AEBCAF400FC081C /* Composer.swift in Sources */ = {isa = PBXBuildFile; fileRef = 22B5A33E2AEBCAF400FC081C /* Composer.swift */; };
		22B5A35A2AEC11A800FC081C /* MainQueueDispatchDecorator.swift in Sources */ = {isa = PBXBuildFile; fileRef = 22B5A3592AEC11A800FC081C /* MainQueueDispatchDecorator.swift */; };
		22D1792A2AF931BF0067DFCB /* CharacterUIIntegrationTests.swift in Sources */ = {isa = PBXBuildFile; fileRef = 22D179292AF931BF0067DFCB /* CharacterUIIntegrationTests.swift */; };
		22D179322AF93D380067DFCB /* UIKIt+TestHelpers.swift in Sources */ = {isa = PBXBuildFile; fileRef = 22D179312AF93D380067DFCB /* UIKIt+TestHelpers.swift */; };
		22D179342AF93D7B0067DFCB /* XCTestCase+CharacterCollectionController.swift in Sources */ = {isa = PBXBuildFile; fileRef = 22D179332AF93D7B0067DFCB /* XCTestCase+CharacterCollectionController.swift */; };
/* End PBXBuildFile section */

/* Begin PBXContainerItemProxy section */
		22D1792B2AF931BF0067DFCB /* PBXContainerItemProxy */ = {
			isa = PBXContainerItemProxy;
			containerPortal = 22B5A3082AEB72C200FC081C /* Project object */;
			proxyType = 1;
			remoteGlobalIDString = 22B5A30F2AEB72C200FC081C;
			remoteInfo = MarvelApp;
		};
/* End PBXContainerItemProxy section */

/* Begin PBXCopyFilesBuildPhase section */
		22B5A32E2AEB731B00FC081C /* Embed Frameworks */ = {
			isa = PBXCopyFilesBuildPhase;
			buildActionMask = 2147483647;
			dstPath = "";
			dstSubfolderSpec = 10;
			files = (
				22B5A32B2AEB731B00FC081C /* CharacteriOS.framework in Embed Frameworks */,
				22B5A32D2AEB731B00FC081C /* Marvel.framework in Embed Frameworks */,
			);
			name = "Embed Frameworks";
			runOnlyForDeploymentPostprocessing = 0;
		};
/* End PBXCopyFilesBuildPhase section */

/* Begin PBXFileReference section */
		22B5A3102AEB72C200FC081C /* MarvelApp.app */ = {isa = PBXFileReference; explicitFileType = wrapper.application; includeInIndex = 0; path = MarvelApp.app; sourceTree = BUILT_PRODUCTS_DIR; };
		22B5A3132AEB72C200FC081C /* AppDelegate.swift */ = {isa = PBXFileReference; lastKnownFileType = sourcecode.swift; path = AppDelegate.swift; sourceTree = "<group>"; };
		22B5A3152AEB72C200FC081C /* SceneDelegate.swift */ = {isa = PBXFileReference; lastKnownFileType = sourcecode.swift; path = SceneDelegate.swift; sourceTree = "<group>"; };
		22B5A31C2AEB72C300FC081C /* Assets.xcassets */ = {isa = PBXFileReference; lastKnownFileType = folder.assetcatalog; path = Assets.xcassets; sourceTree = "<group>"; };
		22B5A31F2AEB72C300FC081C /* Base */ = {isa = PBXFileReference; lastKnownFileType = file.storyboard; name = Base; path = Base.lproj/LaunchScreen.storyboard; sourceTree = "<group>"; };
		22B5A3212AEB72C300FC081C /* Info.plist */ = {isa = PBXFileReference; lastKnownFileType = text.plist.xml; path = Info.plist; sourceTree = "<group>"; };
		22B5A3282AEB731B00FC081C /* CharacteriOS.framework */ = {isa = PBXFileReference; explicitFileType = wrapper.framework; path = CharacteriOS.framework; sourceTree = BUILT_PRODUCTS_DIR; };
		22B5A3292AEB731B00FC081C /* Marvel.framework */ = {isa = PBXFileReference; explicitFileType = wrapper.framework; path = Marvel.framework; sourceTree = BUILT_PRODUCTS_DIR; };
		22B5A33E2AEBCAF400FC081C /* Composer.swift */ = {isa = PBXFileReference; lastKnownFileType = sourcecode.swift; path = Composer.swift; sourceTree = "<group>"; };
		22B5A3592AEC11A800FC081C /* MainQueueDispatchDecorator.swift */ = {isa = PBXFileReference; lastKnownFileType = sourcecode.swift; path = MainQueueDispatchDecorator.swift; sourceTree = "<group>"; };
		22D179272AF931BF0067DFCB /* CharacterUIIntegrationTests.xctest */ = {isa = PBXFileReference; explicitFileType = wrapper.cfbundle; includeInIndex = 0; path = CharacterUIIntegrationTests.xctest; sourceTree = BUILT_PRODUCTS_DIR; };
		22D179292AF931BF0067DFCB /* CharacterUIIntegrationTests.swift */ = {isa = PBXFileReference; lastKnownFileType = sourcecode.swift; path = CharacterUIIntegrationTests.swift; sourceTree = "<group>"; };
		22D179312AF93D380067DFCB /* UIKIt+TestHelpers.swift */ = {isa = PBXFileReference; lastKnownFileType = sourcecode.swift; path = "UIKIt+TestHelpers.swift"; sourceTree = "<group>"; };
		22D179332AF93D7B0067DFCB /* XCTestCase+CharacterCollectionController.swift */ = {isa = PBXFileReference; lastKnownFileType = sourcecode.swift; path = "XCTestCase+CharacterCollectionController.swift"; sourceTree = "<group>"; };
/* End PBXFileReference section */

/* Begin PBXFrameworksBuildPhase section */
		22B5A30D2AEB72C200FC081C /* Frameworks */ = {
			isa = PBXFrameworksBuildPhase;
			buildActionMask = 2147483647;
			files = (
				22B5A32A2AEB731B00FC081C /* CharacteriOS.framework in Frameworks */,
				22B5A32C2AEB731B00FC081C /* Marvel.framework in Frameworks */,
			);
			runOnlyForDeploymentPostprocessing = 0;
		};
		22D179242AF931BF0067DFCB /* Frameworks */ = {
			isa = PBXFrameworksBuildPhase;
			buildActionMask = 2147483647;
			files = (
			);
			runOnlyForDeploymentPostprocessing = 0;
		};
/* End PBXFrameworksBuildPhase section */

/* Begin PBXGroup section */
		22B5A3072AEB72C200FC081C = {
			isa = PBXGroup;
			children = (
				22B5A3122AEB72C200FC081C /* MarvelApp */,
				22D179282AF931BF0067DFCB /* CharacterUIIntegrationTests */,
				22B5A3112AEB72C200FC081C /* Products */,
				22B5A3272AEB731B00FC081C /* Frameworks */,
			);
			sourceTree = "<group>";
		};
		22B5A3112AEB72C200FC081C /* Products */ = {
			isa = PBXGroup;
			children = (
				22B5A3102AEB72C200FC081C /* MarvelApp.app */,
				22D179272AF931BF0067DFCB /* CharacterUIIntegrationTests.xctest */,
			);
			name = Products;
			sourceTree = "<group>";
		};
		22B5A3122AEB72C200FC081C /* MarvelApp */ = {
			isa = PBXGroup;
			children = (
				22B5A3132AEB72C200FC081C /* AppDelegate.swift */,
				22B5A3152AEB72C200FC081C /* SceneDelegate.swift */,
				22B5A33E2AEBCAF400FC081C /* Composer.swift */,
				22B5A3592AEC11A800FC081C /* MainQueueDispatchDecorator.swift */,
				22B5A31C2AEB72C300FC081C /* Assets.xcassets */,
				22B5A31E2AEB72C300FC081C /* LaunchScreen.storyboard */,
				22B5A3212AEB72C300FC081C /* Info.plist */,
			);
			path = MarvelApp;
			sourceTree = "<group>";
		};
		22B5A3272AEB731B00FC081C /* Frameworks */ = {
			isa = PBXGroup;
			children = (
				22B5A3282AEB731B00FC081C /* CharacteriOS.framework */,
				22B5A3292AEB731B00FC081C /* Marvel.framework */,
			);
			name = Frameworks;
			sourceTree = "<group>";
		};
		22D179282AF931BF0067DFCB /* CharacterUIIntegrationTests */ = {
			isa = PBXGroup;
			children = (
				22D179302AF93D1D0067DFCB /* Helpers */,
				22D179292AF931BF0067DFCB /* CharacterUIIntegrationTests.swift */,
			);
			path = CharacterUIIntegrationTests;
			sourceTree = "<group>";
		};
		22D179302AF93D1D0067DFCB /* Helpers */ = {
			isa = PBXGroup;
			children = (
				22D179312AF93D380067DFCB /* UIKIt+TestHelpers.swift */,
				22D179332AF93D7B0067DFCB /* XCTestCase+CharacterCollectionController.swift */,
			);
			path = Helpers;
			sourceTree = "<group>";
		};
/* End PBXGroup section */

/* Begin PBXNativeTarget section */
		22B5A30F2AEB72C200FC081C /* MarvelApp */ = {
			isa = PBXNativeTarget;
			buildConfigurationList = 22B5A3242AEB72C300FC081C /* Build configuration list for PBXNativeTarget "MarvelApp" */;
			buildPhases = (
				22B5A30C2AEB72C200FC081C /* Sources */,
				22B5A30D2AEB72C200FC081C /* Frameworks */,
				22B5A30E2AEB72C200FC081C /* Resources */,
				22B5A32E2AEB731B00FC081C /* Embed Frameworks */,
			);
			buildRules = (
			);
			dependencies = (
			);
			name = MarvelApp;
			productName = MarvelApp;
			productReference = 22B5A3102AEB72C200FC081C /* MarvelApp.app */;
			productType = "com.apple.product-type.application";
		};
		22D179262AF931BF0067DFCB /* CharacterUIIntegrationTests */ = {
			isa = PBXNativeTarget;
			buildConfigurationList = 22D1792F2AF931BF0067DFCB /* Build configuration list for PBXNativeTarget "CharacterUIIntegrationTests" */;
			buildPhases = (
				22D179232AF931BF0067DFCB /* Sources */,
				22D179242AF931BF0067DFCB /* Frameworks */,
				22D179252AF931BF0067DFCB /* Resources */,
			);
			buildRules = (
			);
			dependencies = (
				22D1792C2AF931BF0067DFCB /* PBXTargetDependency */,
			);
			name = CharacterUIIntegrationTests;
			productName = CharacterUIIntegrationTests;
			productReference = 22D179272AF931BF0067DFCB /* CharacterUIIntegrationTests.xctest */;
			productType = "com.apple.product-type.bundle.unit-test";
		};
/* End PBXNativeTarget section */

/* Begin PBXProject section */
		22B5A3082AEB72C200FC081C /* Project object */ = {
			isa = PBXProject;
			attributes = {
				BuildIndependentTargetsInParallel = 1;
				LastSwiftUpdateCheck = 1430;
				LastUpgradeCheck = 1430;
				TargetAttributes = {
					22B5A30F2AEB72C200FC081C = {
						CreatedOnToolsVersion = 14.3.1;
					};
					22D179262AF931BF0067DFCB = {
						CreatedOnToolsVersion = 14.3.1;
						TestTargetID = 22B5A30F2AEB72C200FC081C;
					};
				};
			};
			buildConfigurationList = 22B5A30B2AEB72C200FC081C /* Build configuration list for PBXProject "MarvelApp" */;
			compatibilityVersion = "Xcode 14.0";
			developmentRegion = en;
			hasScannedForEncodings = 0;
			knownRegions = (
				en,
				Base,
			);
			mainGroup = 22B5A3072AEB72C200FC081C;
			productRefGroup = 22B5A3112AEB72C200FC081C /* Products */;
			projectDirPath = "";
			projectRoot = "";
			targets = (
				22B5A30F2AEB72C200FC081C /* MarvelApp */,
				22D179262AF931BF0067DFCB /* CharacterUIIntegrationTests */,
			);
		};
/* End PBXProject section */

/* Begin PBXResourcesBuildPhase section */
		22B5A30E2AEB72C200FC081C /* Resources */ = {
			isa = PBXResourcesBuildPhase;
			buildActionMask = 2147483647;
			files = (
				22B5A3202AEB72C300FC081C /* LaunchScreen.storyboard in Resources */,
				22B5A31D2AEB72C300FC081C /* Assets.xcassets in Resources */,
			);
			runOnlyForDeploymentPostprocessing = 0;
		};
		22D179252AF931BF0067DFCB /* Resources */ = {
			isa = PBXResourcesBuildPhase;
			buildActionMask = 2147483647;
			files = (
			);
			runOnlyForDeploymentPostprocessing = 0;
		};
/* End PBXResourcesBuildPhase section */

/* Begin PBXSourcesBuildPhase section */
		22B5A30C2AEB72C200FC081C /* Sources */ = {
			isa = PBXSourcesBuildPhase;
			buildActionMask = 2147483647;
			files = (
				22B5A35A2AEC11A800FC081C /* MainQueueDispatchDecorator.swift in Sources */,
				22B5A3142AEB72C200FC081C /* AppDelegate.swift in Sources */,
				22B5A3162AEB72C200FC081C /* SceneDelegate.swift in Sources */,
				22B5A33F2AEBCAF400FC081C /* Composer.swift in Sources */,
			);
			runOnlyForDeploymentPostprocessing = 0;
		};
		22D179232AF931BF0067DFCB /* Sources */ = {
			isa = PBXSourcesBuildPhase;
			buildActionMask = 2147483647;
			files = (
				22D179322AF93D380067DFCB /* UIKIt+TestHelpers.swift in Sources */,
				22D179342AF93D7B0067DFCB /* XCTestCase+CharacterCollectionController.swift in Sources */,
				22D1792A2AF931BF0067DFCB /* CharacterUIIntegrationTests.swift in Sources */,
			);
			runOnlyForDeploymentPostprocessing = 0;
		};
/* End PBXSourcesBuildPhase section */

/* Begin PBXTargetDependency section */
		22D1792C2AF931BF0067DFCB /* PBXTargetDependency */ = {
			isa = PBXTargetDependency;
			target = 22B5A30F2AEB72C200FC081C /* MarvelApp */;
			targetProxy = 22D1792B2AF931BF0067DFCB /* PBXContainerItemProxy */;
		};
/* End PBXTargetDependency section */

/* Begin PBXVariantGroup section */
		22B5A31E2AEB72C300FC081C /* LaunchScreen.storyboard */ = {
			isa = PBXVariantGroup;
			children = (
				22B5A31F2AEB72C300FC081C /* Base */,
			);
			name = LaunchScreen.storyboard;
			sourceTree = "<group>";
		};
/* End PBXVariantGroup section */

/* Begin XCBuildConfiguration section */
		22B5A3222AEB72C300FC081C /* Debug */ = {
			isa = XCBuildConfiguration;
			buildSettings = {
				ALWAYS_SEARCH_USER_PATHS = NO;
				CLANG_ANALYZER_NONNULL = YES;
				CLANG_ANALYZER_NUMBER_OBJECT_CONVERSION = YES_AGGRESSIVE;
				CLANG_CXX_LANGUAGE_STANDARD = "gnu++20";
				CLANG_ENABLE_MODULES = YES;
				CLANG_ENABLE_OBJC_ARC = YES;
				CLANG_ENABLE_OBJC_WEAK = YES;
				CLANG_WARN_BLOCK_CAPTURE_AUTORELEASING = YES;
				CLANG_WARN_BOOL_CONVERSION = YES;
				CLANG_WARN_COMMA = YES;
				CLANG_WARN_CONSTANT_CONVERSION = YES;
				CLANG_WARN_DEPRECATED_OBJC_IMPLEMENTATIONS = YES;
				CLANG_WARN_DIRECT_OBJC_ISA_USAGE = YES_ERROR;
				CLANG_WARN_DOCUMENTATION_COMMENTS = YES;
				CLANG_WARN_EMPTY_BODY = YES;
				CLANG_WARN_ENUM_CONVERSION = YES;
				CLANG_WARN_INFINITE_RECURSION = YES;
				CLANG_WARN_INT_CONVERSION = YES;
				CLANG_WARN_NON_LITERAL_NULL_CONVERSION = YES;
				CLANG_WARN_OBJC_IMPLICIT_RETAIN_SELF = YES;
				CLANG_WARN_OBJC_LITERAL_CONVERSION = YES;
				CLANG_WARN_OBJC_ROOT_CLASS = YES_ERROR;
				CLANG_WARN_QUOTED_INCLUDE_IN_FRAMEWORK_HEADER = YES;
				CLANG_WARN_RANGE_LOOP_ANALYSIS = YES;
				CLANG_WARN_STRICT_PROTOTYPES = YES;
				CLANG_WARN_SUSPICIOUS_MOVE = YES;
				CLANG_WARN_UNGUARDED_AVAILABILITY = YES_AGGRESSIVE;
				CLANG_WARN_UNREACHABLE_CODE = YES;
				CLANG_WARN__DUPLICATE_METHOD_MATCH = YES;
				COPY_PHASE_STRIP = NO;
				DEBUG_INFORMATION_FORMAT = dwarf;
				ENABLE_STRICT_OBJC_MSGSEND = YES;
				ENABLE_TESTABILITY = YES;
				GCC_C_LANGUAGE_STANDARD = gnu11;
				GCC_DYNAMIC_NO_PIC = NO;
				GCC_NO_COMMON_BLOCKS = YES;
				GCC_OPTIMIZATION_LEVEL = 0;
				GCC_PREPROCESSOR_DEFINITIONS = (
					"DEBUG=1",
					"$(inherited)",
				);
				GCC_WARN_64_TO_32_BIT_CONVERSION = YES;
				GCC_WARN_ABOUT_RETURN_TYPE = YES_ERROR;
				GCC_WARN_UNDECLARED_SELECTOR = YES;
				GCC_WARN_UNINITIALIZED_AUTOS = YES_AGGRESSIVE;
				GCC_WARN_UNUSED_FUNCTION = YES;
				GCC_WARN_UNUSED_VARIABLE = YES;
				IPHONEOS_DEPLOYMENT_TARGET = 15.0;
				MTL_ENABLE_DEBUG_INFO = INCLUDE_SOURCE;
				MTL_FAST_MATH = YES;
				ONLY_ACTIVE_ARCH = YES;
				SDKROOT = iphoneos;
				SWIFT_ACTIVE_COMPILATION_CONDITIONS = DEBUG;
				SWIFT_OPTIMIZATION_LEVEL = "-Onone";
			};
			name = Debug;
		};
		22B5A3232AEB72C300FC081C /* Release */ = {
			isa = XCBuildConfiguration;
			buildSettings = {
				ALWAYS_SEARCH_USER_PATHS = NO;
				CLANG_ANALYZER_NONNULL = YES;
				CLANG_ANALYZER_NUMBER_OBJECT_CONVERSION = YES_AGGRESSIVE;
				CLANG_CXX_LANGUAGE_STANDARD = "gnu++20";
				CLANG_ENABLE_MODULES = YES;
				CLANG_ENABLE_OBJC_ARC = YES;
				CLANG_ENABLE_OBJC_WEAK = YES;
				CLANG_WARN_BLOCK_CAPTURE_AUTORELEASING = YES;
				CLANG_WARN_BOOL_CONVERSION = YES;
				CLANG_WARN_COMMA = YES;
				CLANG_WARN_CONSTANT_CONVERSION = YES;
				CLANG_WARN_DEPRECATED_OBJC_IMPLEMENTATIONS = YES;
				CLANG_WARN_DIRECT_OBJC_ISA_USAGE = YES_ERROR;
				CLANG_WARN_DOCUMENTATION_COMMENTS = YES;
				CLANG_WARN_EMPTY_BODY = YES;
				CLANG_WARN_ENUM_CONVERSION = YES;
				CLANG_WARN_INFINITE_RECURSION = YES;
				CLANG_WARN_INT_CONVERSION = YES;
				CLANG_WARN_NON_LITERAL_NULL_CONVERSION = YES;
				CLANG_WARN_OBJC_IMPLICIT_RETAIN_SELF = YES;
				CLANG_WARN_OBJC_LITERAL_CONVERSION = YES;
				CLANG_WARN_OBJC_ROOT_CLASS = YES_ERROR;
				CLANG_WARN_QUOTED_INCLUDE_IN_FRAMEWORK_HEADER = YES;
				CLANG_WARN_RANGE_LOOP_ANALYSIS = YES;
				CLANG_WARN_STRICT_PROTOTYPES = YES;
				CLANG_WARN_SUSPICIOUS_MOVE = YES;
				CLANG_WARN_UNGUARDED_AVAILABILITY = YES_AGGRESSIVE;
				CLANG_WARN_UNREACHABLE_CODE = YES;
				CLANG_WARN__DUPLICATE_METHOD_MATCH = YES;
				COPY_PHASE_STRIP = NO;
				DEBUG_INFORMATION_FORMAT = "dwarf-with-dsym";
				ENABLE_NS_ASSERTIONS = NO;
				ENABLE_STRICT_OBJC_MSGSEND = YES;
				GCC_C_LANGUAGE_STANDARD = gnu11;
				GCC_NO_COMMON_BLOCKS = YES;
				GCC_WARN_64_TO_32_BIT_CONVERSION = YES;
				GCC_WARN_ABOUT_RETURN_TYPE = YES_ERROR;
				GCC_WARN_UNDECLARED_SELECTOR = YES;
				GCC_WARN_UNINITIALIZED_AUTOS = YES_AGGRESSIVE;
				GCC_WARN_UNUSED_FUNCTION = YES;
				GCC_WARN_UNUSED_VARIABLE = YES;
				IPHONEOS_DEPLOYMENT_TARGET = 15.0;
				MTL_ENABLE_DEBUG_INFO = NO;
				MTL_FAST_MATH = YES;
				SDKROOT = iphoneos;
				SWIFT_COMPILATION_MODE = wholemodule;
				SWIFT_OPTIMIZATION_LEVEL = "-O";
				VALIDATE_PRODUCT = YES;
			};
			name = Release;
		};
		22B5A3252AEB72C300FC081C /* Debug */ = {
			isa = XCBuildConfiguration;
			buildSettings = {
				ASSETCATALOG_COMPILER_APPICON_NAME = AppIcon;
				ASSETCATALOG_COMPILER_GLOBAL_ACCENT_COLOR_NAME = AccentColor;
				CODE_SIGN_STYLE = Automatic;
				CURRENT_PROJECT_VERSION = 1;
				DEVELOPMENT_TEAM = 9F2D4H2CZL;
				GENERATE_INFOPLIST_FILE = YES;
				INFOPLIST_FILE = MarvelApp/Info.plist;
				INFOPLIST_KEY_UIApplicationSupportsIndirectInputEvents = YES;
				INFOPLIST_KEY_UILaunchStoryboardName = LaunchScreen;
				INFOPLIST_KEY_UIMainStoryboardFile = "";
				INFOPLIST_KEY_UISupportedInterfaceOrientations_iPad = "UIInterfaceOrientationPortrait UIInterfaceOrientationPortraitUpsideDown UIInterfaceOrientationLandscapeLeft UIInterfaceOrientationLandscapeRight";
				INFOPLIST_KEY_UISupportedInterfaceOrientations_iPhone = "UIInterfaceOrientationPortrait UIInterfaceOrientationLandscapeLeft UIInterfaceOrientationLandscapeRight";
				LD_RUNPATH_SEARCH_PATHS = (
					"$(inherited)",
					"@executable_path/Frameworks",
				);
				MARKETING_VERSION = 1.0;
				PRODUCT_BUNDLE_IDENTIFIER = sinhlh.MarvelApp;
				PRODUCT_NAME = "$(TARGET_NAME)";
				SWIFT_EMIT_LOC_STRINGS = YES;
				SWIFT_VERSION = 5.0;
				TARGETED_DEVICE_FAMILY = "1,2";
			};
			name = Debug;
		};
		22B5A3262AEB72C300FC081C /* Release */ = {
			isa = XCBuildConfiguration;
			buildSettings = {
				ASSETCATALOG_COMPILER_APPICON_NAME = AppIcon;
				ASSETCATALOG_COMPILER_GLOBAL_ACCENT_COLOR_NAME = AccentColor;
				CODE_SIGN_STYLE = Automatic;
				CURRENT_PROJECT_VERSION = 1;
				DEVELOPMENT_TEAM = 9F2D4H2CZL;
				GENERATE_INFOPLIST_FILE = YES;
				INFOPLIST_FILE = MarvelApp/Info.plist;
				INFOPLIST_KEY_UIApplicationSupportsIndirectInputEvents = YES;
				INFOPLIST_KEY_UILaunchStoryboardName = LaunchScreen;
				INFOPLIST_KEY_UIMainStoryboardFile = "";
				INFOPLIST_KEY_UISupportedInterfaceOrientations_iPad = "UIInterfaceOrientationPortrait UIInterfaceOrientationPortraitUpsideDown UIInterfaceOrientationLandscapeLeft UIInterfaceOrientationLandscapeRight";
				INFOPLIST_KEY_UISupportedInterfaceOrientations_iPhone = "UIInterfaceOrientationPortrait UIInterfaceOrientationLandscapeLeft UIInterfaceOrientationLandscapeRight";
				LD_RUNPATH_SEARCH_PATHS = (
					"$(inherited)",
					"@executable_path/Frameworks",
				);
				MARKETING_VERSION = 1.0;
				PRODUCT_BUNDLE_IDENTIFIER = sinhlh.MarvelApp;
				PRODUCT_NAME = "$(TARGET_NAME)";
				SWIFT_EMIT_LOC_STRINGS = YES;
				SWIFT_VERSION = 5.0;
				TARGETED_DEVICE_FAMILY = "1,2";
			};
			name = Release;
		};
		22D1792D2AF931BF0067DFCB /* Debug */ = {
			isa = XCBuildConfiguration;
			buildSettings = {
				BUNDLE_LOADER = "$(TEST_HOST)";
				CODE_SIGN_STYLE = Automatic;
				CURRENT_PROJECT_VERSION = 1;
				DEVELOPMENT_TEAM = 9F2D4H2CZL;
				GENERATE_INFOPLIST_FILE = YES;
				IPHONEOS_DEPLOYMENT_TARGET = 15.0;
				MARKETING_VERSION = 1.0;
				PRODUCT_BUNDLE_IDENTIFIER = sinhlh.CharacterUIIntegrationTests;
				PRODUCT_NAME = "$(TARGET_NAME)";
				SWIFT_EMIT_LOC_STRINGS = NO;
				SWIFT_VERSION = 5.0;
				TARGETED_DEVICE_FAMILY = "1,2";
				TEST_HOST = "$(BUILT_PRODUCTS_DIR)/MarvelApp.app/$(BUNDLE_EXECUTABLE_FOLDER_PATH)/MarvelApp";
			};
			name = Debug;
		};
		22D1792E2AF931BF0067DFCB /* Release */ = {
			isa = XCBuildConfiguration;
			buildSettings = {
				BUNDLE_LOADER = "$(TEST_HOST)";
				CODE_SIGN_STYLE = Automatic;
				CURRENT_PROJECT_VERSION = 1;
				DEVELOPMENT_TEAM = 9F2D4H2CZL;
				GENERATE_INFOPLIST_FILE = YES;
				IPHONEOS_DEPLOYMENT_TARGET = 15.0;
				MARKETING_VERSION = 1.0;
				PRODUCT_BUNDLE_IDENTIFIER = sinhlh.CharacterUIIntegrationTests;
				PRODUCT_NAME = "$(TARGET_NAME)";
				SWIFT_EMIT_LOC_STRINGS = NO;
				SWIFT_VERSION = 5.0;
				TARGETED_DEVICE_FAMILY = "1,2";
				TEST_HOST = "$(BUILT_PRODUCTS_DIR)/MarvelApp.app/$(BUNDLE_EXECUTABLE_FOLDER_PATH)/MarvelApp";
			};
			name = Release;
		};
/* End XCBuildConfiguration section */

/* Begin XCConfigurationList section */
		22B5A30B2AEB72C200FC081C /* Build configuration list for PBXProject "MarvelApp" */ = {
			isa = XCConfigurationList;
			buildConfigurations = (
				22B5A3222AEB72C300FC081C /* Debug */,
				22B5A3232AEB72C300FC081C /* Release */,
			);
			defaultConfigurationIsVisible = 0;
			defaultConfigurationName = Release;
		};
		22B5A3242AEB72C300FC081C /* Build configuration list for PBXNativeTarget "MarvelApp" */ = {
			isa = XCConfigurationList;
			buildConfigurations = (
				22B5A3252AEB72C300FC081C /* Debug */,
				22B5A3262AEB72C300FC081C /* Release */,
			);
			defaultConfigurationIsVisible = 0;
			defaultConfigurationName = Release;
		};
		22D1792F2AF931BF0067DFCB /* Build configuration list for PBXNativeTarget "CharacterUIIntegrationTests" */ = {
			isa = XCConfigurationList;
			buildConfigurations = (
				22D1792D2AF931BF0067DFCB /* Debug */,
				22D1792E2AF931BF0067DFCB /* Release */,
			);
			defaultConfigurationIsVisible = 0;
			defaultConfigurationName = Release;
		};
/* End XCConfigurationList section */
	};
	rootObject = 22B5A3082AEB72C200FC081C /* Project object */;
}
