// !$*UTF8*$!
{
	archiveVersion = 1;
	classes = {
	};
	objectVersion = 56;
	objects = {

/* Begin PBXBuildFile section */
		228702D42AEA430F00E01B44 /* RemoteCharacterLoader.swift in Sources */ = {isa = PBXBuildFile; fileRef = 228702D32AEA430F00E01B44 /* RemoteCharacterLoader.swift */; };
		228B1E022AF0FA3C00D58FB3 /* RemoteLoaderTests.swift in Sources */ = {isa = PBXBuildFile; fileRef = 228B1E012AF0FA3C00D58FB3 /* RemoteLoaderTests.swift */; };
		22B5A2E32AEB3BA300FC081C /* CharacteriOS.framework in Frameworks */ = {isa = PBXBuildFile; fileRef = 22B5A2DB2AEB3BA300FC081C /* CharacteriOS.framework */; };
		22B5A2F82AEB5FDA00FC081C /* CharacterCollectionController.swift in Sources */ = {isa = PBXBuildFile; fileRef = 22B5A2F62AEB5FDA00FC081C /* CharacterCollectionController.swift */; };
		22B5A2FC2AEB604700FC081C /* CharacterCollectionCell.swift in Sources */ = {isa = PBXBuildFile; fileRef = 22B5A2FA2AEB604700FC081C /* CharacterCollectionCell.swift */; };
		22B5A2FD2AEB604700FC081C /* CharacterCollectionCell.xib in Resources */ = {isa = PBXBuildFile; fileRef = 22B5A2FB2AEB604700FC081C /* CharacterCollectionCell.xib */; };
		22B5A3002AEB66AA00FC081C /* Marvel.framework in Frameworks */ = {isa = PBXBuildFile; fileRef = 22B7DDD22AEA2B9B00F233EF /* Marvel.framework */; };
		22B5A3012AEB66AA00FC081C /* Marvel.framework in Embed Frameworks */ = {isa = PBXBuildFile; fileRef = 22B7DDD22AEA2B9B00F233EF /* Marvel.framework */; settings = {ATTRIBUTES = (CodeSignOnCopy, RemoveHeadersOnCopy, ); }; };
		22B5A3322AEB915300FC081C /* CharacterImageDataLoader.swift in Sources */ = {isa = PBXBuildFile; fileRef = 22B5A3312AEB915300FC081C /* CharacterImageDataLoader.swift */; };
		22B5A3352AEB92DC00FC081C /* UIView+Shimmering.swift in Sources */ = {isa = PBXBuildFile; fileRef = 22B5A3342AEB92DC00FC081C /* UIView+Shimmering.swift */; };
		22B5A3372AEBA3B800FC081C /* CharacterRefreshViewController.swift in Sources */ = {isa = PBXBuildFile; fileRef = 22B5A3362AEBA3B800FC081C /* CharacterRefreshViewController.swift */; };
		22B5A33B2AEBB6CC00FC081C /* CharacterImageCellController.swift in Sources */ = {isa = PBXBuildFile; fileRef = 22B5A33A2AEBB6CC00FC081C /* CharacterImageCellController.swift */; };
		22B5A33D2AEBC9CC00FC081C /* RemoteImageLoader.swift in Sources */ = {isa = PBXBuildFile; fileRef = 22B5A33C2AEBC9CC00FC081C /* RemoteImageLoader.swift */; };
		22B5A3412AEBE4F300FC081C /* CharacterDetailView.swift in Sources */ = {isa = PBXBuildFile; fileRef = 22B5A3402AEBE4F300FC081C /* CharacterDetailView.swift */; };
		22B5A3452AEC010500FC081C /* CharacterDetailItem.swift in Sources */ = {isa = PBXBuildFile; fileRef = 22B5A3442AEC010500FC081C /* CharacterDetailItem.swift */; };
		22B5A3492AEC018A00FC081C /* CharacterDetailMapper.swift in Sources */ = {isa = PBXBuildFile; fileRef = 22B5A3482AEC018A00FC081C /* CharacterDetailMapper.swift */; };
		22B5A34F2AEC029300FC081C /* HeaderCharacterDetailCell.swift in Sources */ = {isa = PBXBuildFile; fileRef = 22B5A34E2AEC029300FC081C /* HeaderCharacterDetailCell.swift */; };
		22B5A3512AEC02EB00FC081C /* CharacterDetailCell.swift in Sources */ = {isa = PBXBuildFile; fileRef = 22B5A3502AEC02EB00FC081C /* CharacterDetailCell.swift */; };
		22B5A3532AEC032000FC081C /* CharacterDetailViewModel.swift in Sources */ = {isa = PBXBuildFile; fileRef = 22B5A3522AEC032000FC081C /* CharacterDetailViewModel.swift */; };
		22B7DDDB2AEA2B9B00F233EF /* Marvel.framework in Frameworks */ = {isa = PBXBuildFile; fileRef = 22B7DDD22AEA2B9B00F233EF /* Marvel.framework */; };
		22B7DDE02AEA2B9B00F233EF /* RemoteCharacterLoaderTests.swift in Sources */ = {isa = PBXBuildFile; fileRef = 22B7DDDF2AEA2B9B00F233EF /* RemoteCharacterLoaderTests.swift */; };
		22B7DDEB2AEA3A1900F233EF /* CharacterItem.swift in Sources */ = {isa = PBXBuildFile; fileRef = 22B7DDEA2AEA3A1900F233EF /* CharacterItem.swift */; };
		22B7DDED2AEA3A3500F233EF /* CharacterLoader.swift in Sources */ = {isa = PBXBuildFile; fileRef = 22B7DDEC2AEA3A3500F233EF /* CharacterLoader.swift */; };
		22D787422AEA6E2A001F7B6F /* HTTPClient.swift in Sources */ = {isa = PBXBuildFile; fileRef = 22D787412AEA6E2A001F7B6F /* HTTPClient.swift */; };
		22D787442AEA74DB001F7B6F /* CharacterEndpoint.swift in Sources */ = {isa = PBXBuildFile; fileRef = 22D787432AEA74DB001F7B6F /* CharacterEndpoint.swift */; };
		22D787462AEA74F4001F7B6F /* CharacterEndpointTests.swift in Sources */ = {isa = PBXBuildFile; fileRef = 22D787452AEA74F4001F7B6F /* CharacterEndpointTests.swift */; };
		22D787492AEAA9C3001F7B6F /* URLSessionHTTPClient.swift in Sources */ = {isa = PBXBuildFile; fileRef = 22D787482AEAA9C3001F7B6F /* URLSessionHTTPClient.swift */; };
		22D7875F2AEAAD17001F7B6F /* MarvelEndToEndTests.swift in Sources */ = {isa = PBXBuildFile; fileRef = 22D7875E2AEAAD17001F7B6F /* MarvelEndToEndTests.swift */; };
		22D787602AEAAD17001F7B6F /* Marvel.framework in Frameworks */ = {isa = PBXBuildFile; fileRef = 22B7DDD22AEA2B9B00F233EF /* Marvel.framework */; };
		22D96CA72AEE90CE0038AC48 /* CharacterLoadMoreViewController.swift in Sources */ = {isa = PBXBuildFile; fileRef = 22D96CA62AEE90CE0038AC48 /* CharacterLoadMoreViewController.swift */; };
		22D96CAA2AEE972B0038AC48 /* CharacterDetailLoader.swift in Sources */ = {isa = PBXBuildFile; fileRef = 22D96CA92AEE972B0038AC48 /* CharacterDetailLoader.swift */; };
		22E303A02AEA67C900482469 /* CharacterMapper.swift in Sources */ = {isa = PBXBuildFile; fileRef = 22E3039F2AEA67C900482469 /* CharacterMapper.swift */; };
/* End PBXBuildFile section */

/* Begin PBXContainerItemProxy section */
		22B5A2E42AEB3BA300FC081C /* PBXContainerItemProxy */ = {
			isa = PBXContainerItemProxy;
			containerPortal = 22B7DDC92AEA2B9B00F233EF /* Project object */;
			proxyType = 1;
			remoteGlobalIDString = 22B5A2DA2AEB3BA300FC081C;
			remoteInfo = CharacteriOS;
		};
		22B5A3022AEB66AA00FC081C /* PBXContainerItemProxy */ = {
			isa = PBXContainerItemProxy;
			containerPortal = 22B7DDC92AEA2B9B00F233EF /* Project object */;
			proxyType = 1;
			remoteGlobalIDString = 22B7DDD12AEA2B9B00F233EF;
			remoteInfo = Marvel;
		};
		22B7DDDC2AEA2B9B00F233EF /* PBXContainerItemProxy */ = {
			isa = PBXContainerItemProxy;
			containerPortal = 22B7DDC92AEA2B9B00F233EF /* Project object */;
			proxyType = 1;
			remoteGlobalIDString = 22B7DDD12AEA2B9B00F233EF;
			remoteInfo = Marvel;
		};
		22D787612AEAAD17001F7B6F /* PBXContainerItemProxy */ = {
			isa = PBXContainerItemProxy;
			containerPortal = 22B7DDC92AEA2B9B00F233EF /* Project object */;
			proxyType = 1;
			remoteGlobalIDString = 22B7DDD12AEA2B9B00F233EF;
			remoteInfo = Marvel;
		};
/* End PBXContainerItemProxy section */

/* Begin PBXCopyFilesBuildPhase section */
		22B5A3042AEB66AA00FC081C /* Embed Frameworks */ = {
			isa = PBXCopyFilesBuildPhase;
			buildActionMask = 2147483647;
			dstPath = "";
			dstSubfolderSpec = 10;
			files = (
				22B5A3012AEB66AA00FC081C /* Marvel.framework in Embed Frameworks */,
			);
			name = "Embed Frameworks";
			runOnlyForDeploymentPostprocessing = 0;
		};
/* End PBXCopyFilesBuildPhase section */

/* Begin PBXFileReference section */
		228702D32AEA430F00E01B44 /* RemoteCharacterLoader.swift */ = {isa = PBXFileReference; lastKnownFileType = sourcecode.swift; path = RemoteCharacterLoader.swift; sourceTree = "<group>"; };
		228B1E012AF0FA3C00D58FB3 /* RemoteLoaderTests.swift */ = {isa = PBXFileReference; lastKnownFileType = sourcecode.swift; path = RemoteLoaderTests.swift; sourceTree = "<group>"; };
		22B5A2DB2AEB3BA300FC081C /* CharacteriOS.framework */ = {isa = PBXFileReference; explicitFileType = wrapper.framework; includeInIndex = 0; path = CharacteriOS.framework; sourceTree = BUILT_PRODUCTS_DIR; };
		22B5A2E22AEB3BA300FC081C /* CharacteriOSTests.xctest */ = {isa = PBXFileReference; explicitFileType = wrapper.cfbundle; includeInIndex = 0; path = CharacteriOSTests.xctest; sourceTree = BUILT_PRODUCTS_DIR; };
		22B5A2F62AEB5FDA00FC081C /* CharacterCollectionController.swift */ = {isa = PBXFileReference; lastKnownFileType = sourcecode.swift; path = CharacterCollectionController.swift; sourceTree = "<group>"; };
		22B5A2FA2AEB604700FC081C /* CharacterCollectionCell.swift */ = {isa = PBXFileReference; lastKnownFileType = sourcecode.swift; path = CharacterCollectionCell.swift; sourceTree = "<group>"; };
		22B5A2FB2AEB604700FC081C /* CharacterCollectionCell.xib */ = {isa = PBXFileReference; lastKnownFileType = file.xib; path = CharacterCollectionCell.xib; sourceTree = "<group>"; };
		22B5A3312AEB915300FC081C /* CharacterImageDataLoader.swift */ = {isa = PBXFileReference; lastKnownFileType = sourcecode.swift; path = CharacterImageDataLoader.swift; sourceTree = "<group>"; };
		22B5A3342AEB92DC00FC081C /* UIView+Shimmering.swift */ = {isa = PBXFileReference; lastKnownFileType = sourcecode.swift; path = "UIView+Shimmering.swift"; sourceTree = "<group>"; };
		22B5A3362AEBA3B800FC081C /* CharacterRefreshViewController.swift */ = {isa = PBXFileReference; lastKnownFileType = sourcecode.swift; path = CharacterRefreshViewController.swift; sourceTree = "<group>"; };
		22B5A33A2AEBB6CC00FC081C /* CharacterImageCellController.swift */ = {isa = PBXFileReference; lastKnownFileType = sourcecode.swift; path = CharacterImageCellController.swift; sourceTree = "<group>"; };
		22B5A33C2AEBC9CC00FC081C /* RemoteImageLoader.swift */ = {isa = PBXFileReference; lastKnownFileType = sourcecode.swift; path = RemoteImageLoader.swift; sourceTree = "<group>"; };
		22B5A3402AEBE4F300FC081C /* CharacterDetailView.swift */ = {isa = PBXFileReference; lastKnownFileType = sourcecode.swift; path = CharacterDetailView.swift; sourceTree = "<group>"; };
		22B5A3442AEC010500FC081C /* CharacterDetailItem.swift */ = {isa = PBXFileReference; lastKnownFileType = sourcecode.swift; path = CharacterDetailItem.swift; sourceTree = "<group>"; };
		22B5A3482AEC018A00FC081C /* CharacterDetailMapper.swift */ = {isa = PBXFileReference; lastKnownFileType = sourcecode.swift; path = CharacterDetailMapper.swift; sourceTree = "<group>"; };
		22B5A34E2AEC029300FC081C /* HeaderCharacterDetailCell.swift */ = {isa = PBXFileReference; lastKnownFileType = sourcecode.swift; path = HeaderCharacterDetailCell.swift; sourceTree = "<group>"; };
		22B5A3502AEC02EB00FC081C /* CharacterDetailCell.swift */ = {isa = PBXFileReference; lastKnownFileType = sourcecode.swift; path = CharacterDetailCell.swift; sourceTree = "<group>"; };
		22B5A3522AEC032000FC081C /* CharacterDetailViewModel.swift */ = {isa = PBXFileReference; lastKnownFileType = sourcecode.swift; path = CharacterDetailViewModel.swift; sourceTree = "<group>"; };
		22B7DDD22AEA2B9B00F233EF /* Marvel.framework */ = {isa = PBXFileReference; explicitFileType = wrapper.framework; includeInIndex = 0; path = Marvel.framework; sourceTree = BUILT_PRODUCTS_DIR; };
		22B7DDDA2AEA2B9B00F233EF /* MarvelTests.xctest */ = {isa = PBXFileReference; explicitFileType = wrapper.cfbundle; includeInIndex = 0; path = MarvelTests.xctest; sourceTree = BUILT_PRODUCTS_DIR; };
		22B7DDDF2AEA2B9B00F233EF /* RemoteCharacterLoaderTests.swift */ = {isa = PBXFileReference; lastKnownFileType = sourcecode.swift; path = RemoteCharacterLoaderTests.swift; sourceTree = "<group>"; };
		22B7DDEA2AEA3A1900F233EF /* CharacterItem.swift */ = {isa = PBXFileReference; lastKnownFileType = sourcecode.swift; path = CharacterItem.swift; sourceTree = "<group>"; };
		22B7DDEC2AEA3A3500F233EF /* CharacterLoader.swift */ = {isa = PBXFileReference; lastKnownFileType = sourcecode.swift; path = CharacterLoader.swift; sourceTree = "<group>"; };
		22D787412AEA6E2A001F7B6F /* HTTPClient.swift */ = {isa = PBXFileReference; lastKnownFileType = sourcecode.swift; path = HTTPClient.swift; sourceTree = "<group>"; };
		22D787432AEA74DB001F7B6F /* CharacterEndpoint.swift */ = {isa = PBXFileReference; lastKnownFileType = sourcecode.swift; path = CharacterEndpoint.swift; sourceTree = "<group>"; };
		22D787452AEA74F4001F7B6F /* CharacterEndpointTests.swift */ = {isa = PBXFileReference; lastKnownFileType = sourcecode.swift; path = CharacterEndpointTests.swift; sourceTree = "<group>"; };
		22D787482AEAA9C3001F7B6F /* URLSessionHTTPClient.swift */ = {isa = PBXFileReference; lastKnownFileType = sourcecode.swift; path = URLSessionHTTPClient.swift; sourceTree = "<group>"; };
		22D7875C2AEAAD17001F7B6F /* MarvelEndToEndTests.xctest */ = {isa = PBXFileReference; explicitFileType = wrapper.cfbundle; includeInIndex = 0; path = MarvelEndToEndTests.xctest; sourceTree = BUILT_PRODUCTS_DIR; };
		22D7875E2AEAAD17001F7B6F /* MarvelEndToEndTests.swift */ = {isa = PBXFileReference; lastKnownFileType = sourcecode.swift; path = MarvelEndToEndTests.swift; sourceTree = "<group>"; };
		22D787662AEAB768001F7B6F /* MarvelTests.xctestplan */ = {isa = PBXFileReference; lastKnownFileType = text; path = MarvelTests.xctestplan; sourceTree = "<group>"; };
		22D96CA62AEE90CE0038AC48 /* CharacterLoadMoreViewController.swift */ = {isa = PBXFileReference; lastKnownFileType = sourcecode.swift; path = CharacterLoadMoreViewController.swift; sourceTree = "<group>"; };
		22D96CA92AEE972B0038AC48 /* CharacterDetailLoader.swift */ = {isa = PBXFileReference; lastKnownFileType = sourcecode.swift; path = CharacterDetailLoader.swift; sourceTree = "<group>"; };
		22E3039F2AEA67C900482469 /* CharacterMapper.swift */ = {isa = PBXFileReference; lastKnownFileType = sourcecode.swift; path = CharacterMapper.swift; sourceTree = "<group>"; };
/* End PBXFileReference section */

/* Begin PBXFrameworksBuildPhase section */
		22B5A2D82AEB3BA300FC081C /* Frameworks */ = {
			isa = PBXFrameworksBuildPhase;
			buildActionMask = 2147483647;
			files = (
				22B5A3002AEB66AA00FC081C /* Marvel.framework in Frameworks */,
			);
			runOnlyForDeploymentPostprocessing = 0;
		};
		22B5A2DF2AEB3BA300FC081C /* Frameworks */ = {
			isa = PBXFrameworksBuildPhase;
			buildActionMask = 2147483647;
			files = (
				22B5A2E32AEB3BA300FC081C /* CharacteriOS.framework in Frameworks */,
			);
			runOnlyForDeploymentPostprocessing = 0;
		};
		22B7DDCF2AEA2B9B00F233EF /* Frameworks */ = {
			isa = PBXFrameworksBuildPhase;
			buildActionMask = 2147483647;
			files = (
			);
			runOnlyForDeploymentPostprocessing = 0;
		};
		22B7DDD72AEA2B9B00F233EF /* Frameworks */ = {
			isa = PBXFrameworksBuildPhase;
			buildActionMask = 2147483647;
			files = (
				22B7DDDB2AEA2B9B00F233EF /* Marvel.framework in Frameworks */,
			);
			runOnlyForDeploymentPostprocessing = 0;
		};
		22D787592AEAAD17001F7B6F /* Frameworks */ = {
			isa = PBXFrameworksBuildPhase;
			buildActionMask = 2147483647;
			files = (
				22D787602AEAAD17001F7B6F /* Marvel.framework in Frameworks */,
			);
			runOnlyForDeploymentPostprocessing = 0;
		};
/* End PBXFrameworksBuildPhase section */

/* Begin PBXGroup section */
		228702D12AEA426900E01B44 /* Character Feature */ = {
			isa = PBXGroup;
			children = (
				22B7DDEA2AEA3A1900F233EF /* CharacterItem.swift */,
				22B7DDEC2AEA3A3500F233EF /* CharacterLoader.swift */,
			);
			path = "Character Feature";
			sourceTree = "<group>";
		};
		228702D22AEA42A600E01B44 /* Character API */ = {
			isa = PBXGroup;
			children = (
				22B5A3582AEC0D1E00FC081C /* Shared */,
				22B5A3572AEC0CD800FC081C /* Character */,
				22B5A3562AEC0CC900FC081C /* Image */,
			);
			path = "Character API";
			sourceTree = "<group>";
		};
		22B5A2DC2AEB3BA300FC081C /* CharacteriOS */ = {
			isa = PBXGroup;
			children = (
				22B5A34A2AEC01DC00FC081C /* UIKit */,
				22B5A34B2AEC01E800FC081C /* SwiftUI */,
			);
			path = CharacteriOS;
			sourceTree = "<group>";
		};
		22B5A2E62AEB3BA300FC081C /* CharacteriOSTests */ = {
			isa = PBXGroup;
			children = (
			);
			path = CharacteriOSTests;
			sourceTree = "<group>";
		};
		22B5A2FF2AEB66AA00FC081C /* Frameworks */ = {
			isa = PBXGroup;
			children = (
			);
			name = Frameworks;
			sourceTree = "<group>";
		};
		22B5A3052AEB70B800FC081C /* Controllers */ = {
			isa = PBXGroup;
			children = (
				22B5A2F62AEB5FDA00FC081C /* CharacterCollectionController.swift */,
				22B5A33A2AEBB6CC00FC081C /* CharacterImageCellController.swift */,
				22B5A3362AEBA3B800FC081C /* CharacterRefreshViewController.swift */,
				22D96CA62AEE90CE0038AC48 /* CharacterLoadMoreViewController.swift */,
			);
			path = Controllers;
			sourceTree = "<group>";
		};
		22B5A3062AEB70C700FC081C /* Views */ = {
			isa = PBXGroup;
			children = (
				22B5A2FA2AEB604700FC081C /* CharacterCollectionCell.swift */,
				22B5A2FB2AEB604700FC081C /* CharacterCollectionCell.xib */,
			);
			path = Views;
			sourceTree = "<group>";
		};
		22B5A3332AEB92CE00FC081C /* Helpers */ = {
			isa = PBXGroup;
			children = (
				22B5A3342AEB92DC00FC081C /* UIView+Shimmering.swift */,
			);
			path = Helpers;
			sourceTree = "<group>";
		};
		22B5A3432AEC00E300FC081C /* Character Detail Feature */ = {
			isa = PBXGroup;
			children = (
				22B5A3442AEC010500FC081C /* CharacterDetailItem.swift */,
				22D96CA92AEE972B0038AC48 /* CharacterDetailLoader.swift */,
			);
			path = "Character Detail Feature";
			sourceTree = "<group>";
		};
		22B5A34A2AEC01DC00FC081C /* UIKit */ = {
			isa = PBXGroup;
			children = (
				22B5A3332AEB92CE00FC081C /* Helpers */,
				22B5A3052AEB70B800FC081C /* Controllers */,
				22B5A3062AEB70C700FC081C /* Views */,
			);
			path = UIKit;
			sourceTree = "<group>";
		};
		22B5A34B2AEC01E800FC081C /* SwiftUI */ = {
			isa = PBXGroup;
			children = (
				22B5A3542AEC037000FC081C /* Views */,
				22B5A3552AEC037C00FC081C /* ViewModels */,
			);
			path = SwiftUI;
			sourceTree = "<group>";
		};
		22B5A3542AEC037000FC081C /* Views */ = {
			isa = PBXGroup;
			children = (
				22B5A3402AEBE4F300FC081C /* CharacterDetailView.swift */,
				22B5A34E2AEC029300FC081C /* HeaderCharacterDetailCell.swift */,
				22B5A3502AEC02EB00FC081C /* CharacterDetailCell.swift */,
			);
			path = Views;
			sourceTree = "<group>";
		};
		22B5A3552AEC037C00FC081C /* ViewModels */ = {
			isa = PBXGroup;
			children = (
				22B5A3522AEC032000FC081C /* CharacterDetailViewModel.swift */,
			);
			path = ViewModels;
			sourceTree = "<group>";
		};
		22B5A3562AEC0CC900FC081C /* Image */ = {
			isa = PBXGroup;
			children = (
				22B5A3482AEC018A00FC081C /* CharacterDetailMapper.swift */,
				22B5A3312AEB915300FC081C /* CharacterImageDataLoader.swift */,
				22B5A33C2AEBC9CC00FC081C /* RemoteImageLoader.swift */,
			);
			path = Image;
			sourceTree = "<group>";
		};
		22B5A3572AEC0CD800FC081C /* Character */ = {
			isa = PBXGroup;
			children = (
				22E3039F2AEA67C900482469 /* CharacterMapper.swift */,
				228702D32AEA430F00E01B44 /* RemoteCharacterLoader.swift */,
			);
			path = Character;
			sourceTree = "<group>";
		};
		22B5A3582AEC0D1E00FC081C /* Shared */ = {
			isa = PBXGroup;
			children = (
				22D787412AEA6E2A001F7B6F /* HTTPClient.swift */,
				22D787432AEA74DB001F7B6F /* CharacterEndpoint.swift */,
				22D787482AEAA9C3001F7B6F /* URLSessionHTTPClient.swift */,
			);
			path = Shared;
			sourceTree = "<group>";
		};
		22B7DDC82AEA2B9B00F233EF = {
			isa = PBXGroup;
			children = (
				22D787662AEAB768001F7B6F /* MarvelTests.xctestplan */,
				22B7DDD42AEA2B9B00F233EF /* Marvel */,
				22B7DDDE2AEA2B9B00F233EF /* MarvelTests */,
				22D7875D2AEAAD17001F7B6F /* MarvelEndToEndTests */,
				22B5A2DC2AEB3BA300FC081C /* CharacteriOS */,
				22B5A2E62AEB3BA300FC081C /* CharacteriOSTests */,
				22B7DDD32AEA2B9B00F233EF /* Products */,
				22B5A2FF2AEB66AA00FC081C /* Frameworks */,
			);
			sourceTree = "<group>";
		};
		22B7DDD32AEA2B9B00F233EF /* Products */ = {
			isa = PBXGroup;
			children = (
				22B7DDD22AEA2B9B00F233EF /* Marvel.framework */,
				22B7DDDA2AEA2B9B00F233EF /* MarvelTests.xctest */,
				22D7875C2AEAAD17001F7B6F /* MarvelEndToEndTests.xctest */,
				22B5A2DB2AEB3BA300FC081C /* CharacteriOS.framework */,
				22B5A2E22AEB3BA300FC081C /* CharacteriOSTests.xctest */,
			);
			name = Products;
			sourceTree = "<group>";
		};
		22B7DDD42AEA2B9B00F233EF /* Marvel */ = {
			isa = PBXGroup;
			children = (
				228702D22AEA42A600E01B44 /* Character API */,
				228702D12AEA426900E01B44 /* Character Feature */,
				22B5A3432AEC00E300FC081C /* Character Detail Feature */,
			);
			path = Marvel;
			sourceTree = "<group>";
		};
		22B7DDDE2AEA2B9B00F233EF /* MarvelTests */ = {
			isa = PBXGroup;
			children = (
				22D787472AEA83AE001F7B6F /* Character API */,
			);
			path = MarvelTests;
			sourceTree = "<group>";
		};
		22D787472AEA83AE001F7B6F /* Character API */ = {
			isa = PBXGroup;
			children = (
				22B7DDDF2AEA2B9B00F233EF /* RemoteCharacterLoaderTests.swift */,
				22D787452AEA74F4001F7B6F /* CharacterEndpointTests.swift */,
				228B1E012AF0FA3C00D58FB3 /* RemoteLoaderTests.swift */,
			);
			path = "Character API";
			sourceTree = "<group>";
		};
		22D7875D2AEAAD17001F7B6F /* MarvelEndToEndTests */ = {
			isa = PBXGroup;
			children = (
				22D7875E2AEAAD17001F7B6F /* MarvelEndToEndTests.swift */,
			);
			path = MarvelEndToEndTests;
			sourceTree = "<group>";
		};
/* End PBXGroup section */

/* Begin PBXHeadersBuildPhase section */
		22B5A2D62AEB3BA300FC081C /* Headers */ = {
			isa = PBXHeadersBuildPhase;
			buildActionMask = 2147483647;
			files = (
			);
			runOnlyForDeploymentPostprocessing = 0;
		};
		22B7DDCD2AEA2B9B00F233EF /* Headers */ = {
			isa = PBXHeadersBuildPhase;
			buildActionMask = 2147483647;
			files = (
			);
			runOnlyForDeploymentPostprocessing = 0;
		};
/* End PBXHeadersBuildPhase section */

/* Begin PBXNativeTarget section */
		22B5A2DA2AEB3BA300FC081C /* CharacteriOS */ = {
			isa = PBXNativeTarget;
			buildConfigurationList = 22B5A2EE2AEB3BA400FC081C /* Build configuration list for PBXNativeTarget "CharacteriOS" */;
			buildPhases = (
				22B5A2D62AEB3BA300FC081C /* Headers */,
				22B5A2D72AEB3BA300FC081C /* Sources */,
				22B5A2D82AEB3BA300FC081C /* Frameworks */,
				22B5A2D92AEB3BA300FC081C /* Resources */,
				22B5A3042AEB66AA00FC081C /* Embed Frameworks */,
			);
			buildRules = (
			);
			dependencies = (
				22B5A3032AEB66AA00FC081C /* PBXTargetDependency */,
			);
			name = CharacteriOS;
			productName = CharacteriOS;
			productReference = 22B5A2DB2AEB3BA300FC081C /* CharacteriOS.framework */;
			productType = "com.apple.product-type.framework";
		};
		22B5A2E12AEB3BA300FC081C /* CharacteriOSTests */ = {
			isa = PBXNativeTarget;
			buildConfigurationList = 22B5A2EF2AEB3BA400FC081C /* Build configuration list for PBXNativeTarget "CharacteriOSTests" */;
			buildPhases = (
				22B5A2DE2AEB3BA300FC081C /* Sources */,
				22B5A2DF2AEB3BA300FC081C /* Frameworks */,
				22B5A2E02AEB3BA300FC081C /* Resources */,
			);
			buildRules = (
			);
			dependencies = (
				22B5A2E52AEB3BA300FC081C /* PBXTargetDependency */,
			);
			name = CharacteriOSTests;
			productName = CharacteriOSTests;
			productReference = 22B5A2E22AEB3BA300FC081C /* CharacteriOSTests.xctest */;
			productType = "com.apple.product-type.bundle.unit-test";
		};
		22B7DDD12AEA2B9B00F233EF /* Marvel */ = {
			isa = PBXNativeTarget;
			buildConfigurationList = 22B7DDE42AEA2B9B00F233EF /* Build configuration list for PBXNativeTarget "Marvel" */;
			buildPhases = (
				22B7DDCD2AEA2B9B00F233EF /* Headers */,
				22B7DDCE2AEA2B9B00F233EF /* Sources */,
				22B7DDCF2AEA2B9B00F233EF /* Frameworks */,
				22B7DDD02AEA2B9B00F233EF /* Resources */,
			);
			buildRules = (
			);
			dependencies = (
			);
			name = Marvel;
			productName = Marvel;
			productReference = 22B7DDD22AEA2B9B00F233EF /* Marvel.framework */;
			productType = "com.apple.product-type.framework";
		};
		22B7DDD92AEA2B9B00F233EF /* MarvelTests */ = {
			isa = PBXNativeTarget;
			buildConfigurationList = 22B7DDE72AEA2B9B00F233EF /* Build configuration list for PBXNativeTarget "MarvelTests" */;
			buildPhases = (
				22B7DDD62AEA2B9B00F233EF /* Sources */,
				22B7DDD72AEA2B9B00F233EF /* Frameworks */,
				22B7DDD82AEA2B9B00F233EF /* Resources */,
			);
			buildRules = (
			);
			dependencies = (
				22B7DDDD2AEA2B9B00F233EF /* PBXTargetDependency */,
			);
			name = MarvelTests;
			productName = MarvelTests;
			productReference = 22B7DDDA2AEA2B9B00F233EF /* MarvelTests.xctest */;
			productType = "com.apple.product-type.bundle.unit-test";
		};
		22D7875B2AEAAD17001F7B6F /* MarvelEndToEndTests */ = {
			isa = PBXNativeTarget;
			buildConfigurationList = 22D787632AEAAD17001F7B6F /* Build configuration list for PBXNativeTarget "MarvelEndToEndTests" */;
			buildPhases = (
				22D787582AEAAD17001F7B6F /* Sources */,
				22D787592AEAAD17001F7B6F /* Frameworks */,
				22D7875A2AEAAD17001F7B6F /* Resources */,
			);
			buildRules = (
			);
			dependencies = (
				22D787622AEAAD17001F7B6F /* PBXTargetDependency */,
			);
			name = MarvelEndToEndTests;
			productName = MarvelEndToEndTests;
			productReference = 22D7875C2AEAAD17001F7B6F /* MarvelEndToEndTests.xctest */;
			productType = "com.apple.product-type.bundle.unit-test";
		};
/* End PBXNativeTarget section */

/* Begin PBXProject section */
		22B7DDC92AEA2B9B00F233EF /* Project object */ = {
			isa = PBXProject;
			attributes = {
				BuildIndependentTargetsInParallel = 1;
				LastSwiftUpdateCheck = 1430;
				LastUpgradeCheck = 1430;
				TargetAttributes = {
					22B5A2DA2AEB3BA300FC081C = {
						CreatedOnToolsVersion = 14.3.1;
						LastSwiftMigration = 1430;
					};
					22B5A2E12AEB3BA300FC081C = {
						CreatedOnToolsVersion = 14.3.1;
					};
					22B7DDD12AEA2B9B00F233EF = {
						CreatedOnToolsVersion = 14.3.1;
						LastSwiftMigration = 1430;
					};
					22B7DDD92AEA2B9B00F233EF = {
						CreatedOnToolsVersion = 14.3.1;
					};
					22D7875B2AEAAD17001F7B6F = {
						CreatedOnToolsVersion = 14.3.1;
					};
				};
			};
			buildConfigurationList = 22B7DDCC2AEA2B9B00F233EF /* Build configuration list for PBXProject "Marvel" */;
			compatibilityVersion = "Xcode 14.0";
			developmentRegion = en;
			hasScannedForEncodings = 0;
			knownRegions = (
				en,
				Base,
			);
			mainGroup = 22B7DDC82AEA2B9B00F233EF;
			productRefGroup = 22B7DDD32AEA2B9B00F233EF /* Products */;
			projectDirPath = "";
			projectRoot = "";
			targets = (
				22B7DDD12AEA2B9B00F233EF /* Marvel */,
				22B7DDD92AEA2B9B00F233EF /* MarvelTests */,
				22D7875B2AEAAD17001F7B6F /* MarvelEndToEndTests */,
				22B5A2DA2AEB3BA300FC081C /* CharacteriOS */,
				22B5A2E12AEB3BA300FC081C /* CharacteriOSTests */,
			);
		};
/* End PBXProject section */

/* Begin PBXResourcesBuildPhase section */
		22B5A2D92AEB3BA300FC081C /* Resources */ = {
			isa = PBXResourcesBuildPhase;
			buildActionMask = 2147483647;
			files = (
				22B5A2FD2AEB604700FC081C /* CharacterCollectionCell.xib in Resources */,
			);
			runOnlyForDeploymentPostprocessing = 0;
		};
		22B5A2E02AEB3BA300FC081C /* Resources */ = {
			isa = PBXResourcesBuildPhase;
			buildActionMask = 2147483647;
			files = (
			);
			runOnlyForDeploymentPostprocessing = 0;
		};
		22B7DDD02AEA2B9B00F233EF /* Resources */ = {
			isa = PBXResourcesBuildPhase;
			buildActionMask = 2147483647;
			files = (
			);
			runOnlyForDeploymentPostprocessing = 0;
		};
		22B7DDD82AEA2B9B00F233EF /* Resources */ = {
			isa = PBXResourcesBuildPhase;
			buildActionMask = 2147483647;
			files = (
			);
			runOnlyForDeploymentPostprocessing = 0;
		};
		22D7875A2AEAAD17001F7B6F /* Resources */ = {
			isa = PBXResourcesBuildPhase;
			buildActionMask = 2147483647;
			files = (
			);
			runOnlyForDeploymentPostprocessing = 0;
		};
/* End PBXResourcesBuildPhase section */

/* Begin PBXSourcesBuildPhase section */
		22B5A2D72AEB3BA300FC081C /* Sources */ = {
			isa = PBXSourcesBuildPhase;
			buildActionMask = 2147483647;
			files = (
				22B5A3352AEB92DC00FC081C /* UIView+Shimmering.swift in Sources */,
				22B5A2F82AEB5FDA00FC081C /* CharacterCollectionController.swift in Sources */,
				22B5A3372AEBA3B800FC081C /* CharacterRefreshViewController.swift in Sources */,
				22B5A34F2AEC029300FC081C /* HeaderCharacterDetailCell.swift in Sources */,
				22B5A3512AEC02EB00FC081C /* CharacterDetailCell.swift in Sources */,
				22B5A3412AEBE4F300FC081C /* CharacterDetailView.swift in Sources */,
				22B5A3532AEC032000FC081C /* CharacterDetailViewModel.swift in Sources */,
				22D96CA72AEE90CE0038AC48 /* CharacterLoadMoreViewController.swift in Sources */,
				22B5A2FC2AEB604700FC081C /* CharacterCollectionCell.swift in Sources */,
				22B5A33B2AEBB6CC00FC081C /* CharacterImageCellController.swift in Sources */,
			);
			runOnlyForDeploymentPostprocessing = 0;
		};
		22B5A2DE2AEB3BA300FC081C /* Sources */ = {
			isa = PBXSourcesBuildPhase;
			buildActionMask = 2147483647;
			files = (
			);
			runOnlyForDeploymentPostprocessing = 0;
		};
		22B7DDCE2AEA2B9B00F233EF /* Sources */ = {
			isa = PBXSourcesBuildPhase;
			buildActionMask = 2147483647;
			files = (
				22B5A33D2AEBC9CC00FC081C /* RemoteImageLoader.swift in Sources */,
				22D787492AEAA9C3001F7B6F /* URLSessionHTTPClient.swift in Sources */,
				22B7DDED2AEA3A3500F233EF /* CharacterLoader.swift in Sources */,
				22B5A3492AEC018A00FC081C /* CharacterDetailMapper.swift in Sources */,
				22B5A3322AEB915300FC081C /* CharacterImageDataLoader.swift in Sources */,
				22D787422AEA6E2A001F7B6F /* HTTPClient.swift in Sources */,
				228702D42AEA430F00E01B44 /* RemoteCharacterLoader.swift in Sources */,
				22E303A02AEA67C900482469 /* CharacterMapper.swift in Sources */,
				22D787442AEA74DB001F7B6F /* CharacterEndpoint.swift in Sources */,
				22D96CAA2AEE972B0038AC48 /* CharacterDetailLoader.swift in Sources */,
				22B7DDEB2AEA3A1900F233EF /* CharacterItem.swift in Sources */,
				22B5A3452AEC010500FC081C /* CharacterDetailItem.swift in Sources */,
			);
			runOnlyForDeploymentPostprocessing = 0;
		};
		22B7DDD62AEA2B9B00F233EF /* Sources */ = {
			isa = PBXSourcesBuildPhase;
			buildActionMask = 2147483647;
			files = (
				22D787462AEA74F4001F7B6F /* CharacterEndpointTests.swift in Sources */,
				228B1E022AF0FA3C00D58FB3 /* RemoteLoaderTests.swift in Sources */,
				22B7DDE02AEA2B9B00F233EF /* RemoteCharacterLoaderTests.swift in Sources */,
			);
			runOnlyForDeploymentPostprocessing = 0;
		};
		22D787582AEAAD17001F7B6F /* Sources */ = {
			isa = PBXSourcesBuildPhase;
			buildActionMask = 2147483647;
			files = (
				22D7875F2AEAAD17001F7B6F /* MarvelEndToEndTests.swift in Sources */,
			);
			runOnlyForDeploymentPostprocessing = 0;
		};
/* End PBXSourcesBuildPhase section */

/* Begin PBXTargetDependency section */
		22B5A2E52AEB3BA300FC081C /* PBXTargetDependency */ = {
			isa = PBXTargetDependency;
			target = 22B5A2DA2AEB3BA300FC081C /* CharacteriOS */;
			targetProxy = 22B5A2E42AEB3BA300FC081C /* PBXContainerItemProxy */;
		};
		22B5A3032AEB66AA00FC081C /* PBXTargetDependency */ = {
			isa = PBXTargetDependency;
			target = 22B7DDD12AEA2B9B00F233EF /* Marvel */;
			targetProxy = 22B5A3022AEB66AA00FC081C /* PBXContainerItemProxy */;
		};
		22B7DDDD2AEA2B9B00F233EF /* PBXTargetDependency */ = {
			isa = PBXTargetDependency;
			target = 22B7DDD12AEA2B9B00F233EF /* Marvel */;
			targetProxy = 22B7DDDC2AEA2B9B00F233EF /* PBXContainerItemProxy */;
		};
		22D787622AEAAD17001F7B6F /* PBXTargetDependency */ = {
			isa = PBXTargetDependency;
			target = 22B7DDD12AEA2B9B00F233EF /* Marvel */;
			targetProxy = 22D787612AEAAD17001F7B6F /* PBXContainerItemProxy */;
		};
/* End PBXTargetDependency section */

/* Begin XCBuildConfiguration section */
		22B5A2EA2AEB3BA400FC081C /* Debug */ = {
			isa = XCBuildConfiguration;
			buildSettings = {
				CLANG_ENABLE_MODULES = YES;
				CODE_SIGN_STYLE = Automatic;
				CURRENT_PROJECT_VERSION = 1;
				DEFINES_MODULE = YES;
				DEVELOPMENT_TEAM = 9F2D4H2CZL;
				DYLIB_COMPATIBILITY_VERSION = 1;
				DYLIB_CURRENT_VERSION = 1;
				DYLIB_INSTALL_NAME_BASE = "@rpath";
				ENABLE_MODULE_VERIFIER = YES;
				GENERATE_INFOPLIST_FILE = YES;
				INFOPLIST_KEY_NSHumanReadableCopyright = "";
				INSTALL_PATH = "$(LOCAL_LIBRARY_DIR)/Frameworks";
				IPHONEOS_DEPLOYMENT_TARGET = 16.4;
				LD_RUNPATH_SEARCH_PATHS = (
					"$(inherited)",
					"@executable_path/Frameworks",
					"@loader_path/Frameworks",
				);
				MARKETING_VERSION = 1.0;
				MODULE_VERIFIER_SUPPORTED_LANGUAGES = "objective-c objective-c++";
				MODULE_VERIFIER_SUPPORTED_LANGUAGE_STANDARDS = "gnu11 gnu++20";
				PRODUCT_BUNDLE_IDENTIFIER = sinhlh.CharacteriOS;
				PRODUCT_NAME = "$(TARGET_NAME:c99extidentifier)";
				SDKROOT = iphoneos;
				SKIP_INSTALL = YES;
				SUPPORTED_PLATFORMS = "iphoneos iphonesimulator";
				SUPPORTS_MACCATALYST = NO;
				SUPPORTS_MAC_DESIGNED_FOR_IPHONE_IPAD = YES;
				SWIFT_EMIT_LOC_STRINGS = YES;
				SWIFT_OPTIMIZATION_LEVEL = "-Onone";
				SWIFT_VERSION = 5.0;
				TARGETED_DEVICE_FAMILY = "1,2";
			};
			name = Debug;
		};
		22B5A2EB2AEB3BA400FC081C /* Release */ = {
			isa = XCBuildConfiguration;
			buildSettings = {
				CLANG_ENABLE_MODULES = YES;
				CODE_SIGN_STYLE = Automatic;
				CURRENT_PROJECT_VERSION = 1;
				DEFINES_MODULE = YES;
				DEVELOPMENT_TEAM = 9F2D4H2CZL;
				DYLIB_COMPATIBILITY_VERSION = 1;
				DYLIB_CURRENT_VERSION = 1;
				DYLIB_INSTALL_NAME_BASE = "@rpath";
				ENABLE_MODULE_VERIFIER = YES;
				GENERATE_INFOPLIST_FILE = YES;
				INFOPLIST_KEY_NSHumanReadableCopyright = "";
				INSTALL_PATH = "$(LOCAL_LIBRARY_DIR)/Frameworks";
				IPHONEOS_DEPLOYMENT_TARGET = 16.4;
				LD_RUNPATH_SEARCH_PATHS = (
					"$(inherited)",
					"@executable_path/Frameworks",
					"@loader_path/Frameworks",
				);
				MARKETING_VERSION = 1.0;
				MODULE_VERIFIER_SUPPORTED_LANGUAGES = "objective-c objective-c++";
				MODULE_VERIFIER_SUPPORTED_LANGUAGE_STANDARDS = "gnu11 gnu++20";
				PRODUCT_BUNDLE_IDENTIFIER = sinhlh.CharacteriOS;
				PRODUCT_NAME = "$(TARGET_NAME:c99extidentifier)";
				SDKROOT = iphoneos;
				SKIP_INSTALL = YES;
				SUPPORTED_PLATFORMS = "iphoneos iphonesimulator";
				SUPPORTS_MACCATALYST = NO;
				SUPPORTS_MAC_DESIGNED_FOR_IPHONE_IPAD = YES;
				SWIFT_EMIT_LOC_STRINGS = YES;
				SWIFT_VERSION = 5.0;
				TARGETED_DEVICE_FAMILY = "1,2";
				VALIDATE_PRODUCT = YES;
			};
			name = Release;
		};
		22B5A2EC2AEB3BA400FC081C /* Debug */ = {
			isa = XCBuildConfiguration;
			buildSettings = {
				ALWAYS_EMBED_SWIFT_STANDARD_LIBRARIES = YES;
				CODE_SIGN_STYLE = Automatic;
				CURRENT_PROJECT_VERSION = 1;
				DEVELOPMENT_TEAM = 9F2D4H2CZL;
				GENERATE_INFOPLIST_FILE = YES;
				IPHONEOS_DEPLOYMENT_TARGET = 16.4;
				MARKETING_VERSION = 1.0;
				PRODUCT_BUNDLE_IDENTIFIER = sinhlh.CharacteriOSTests;
				PRODUCT_NAME = "$(TARGET_NAME)";
				SDKROOT = iphoneos;
				SWIFT_EMIT_LOC_STRINGS = NO;
				SWIFT_VERSION = 5.0;
				TARGETED_DEVICE_FAMILY = "1,2";
			};
			name = Debug;
		};
		22B5A2ED2AEB3BA400FC081C /* Release */ = {
			isa = XCBuildConfiguration;
			buildSettings = {
				ALWAYS_EMBED_SWIFT_STANDARD_LIBRARIES = YES;
				CODE_SIGN_STYLE = Automatic;
				CURRENT_PROJECT_VERSION = 1;
				DEVELOPMENT_TEAM = 9F2D4H2CZL;
				GENERATE_INFOPLIST_FILE = YES;
				IPHONEOS_DEPLOYMENT_TARGET = 16.4;
				MARKETING_VERSION = 1.0;
				PRODUCT_BUNDLE_IDENTIFIER = sinhlh.CharacteriOSTests;
				PRODUCT_NAME = "$(TARGET_NAME)";
				SDKROOT = iphoneos;
				SWIFT_EMIT_LOC_STRINGS = NO;
				SWIFT_VERSION = 5.0;
				TARGETED_DEVICE_FAMILY = "1,2";
				VALIDATE_PRODUCT = YES;
			};
			name = Release;
		};
		22B7DDE22AEA2B9B00F233EF /* Debug */ = {
			isa = XCBuildConfiguration;
			buildSettings = {
				ALWAYS_SEARCH_USER_PATHS = NO;
				CLANG_ANALYZER_NONNULL = YES;
				CLANG_ANALYZER_NUMBER_OBJECT_CONVERSION = YES_AGGRESSIVE;
				CLANG_CXX_LANGUAGE_STANDARD = "gnu++20";
				CLANG_ENABLE_MODULES = YES;
				CLANG_ENABLE_OBJC_ARC = YES;
				CLANG_ENABLE_OBJC_WEAK = YES;
				CLANG_WARN_BLOCK_CAPTURE_AUTORELEASING = YES;
				CLANG_WARN_BOOL_CONVERSION = YES;
				CLANG_WARN_COMMA = YES;
				CLANG_WARN_CONSTANT_CONVERSION = YES;
				CLANG_WARN_DEPRECATED_OBJC_IMPLEMENTATIONS = YES;
				CLANG_WARN_DIRECT_OBJC_ISA_USAGE = YES_ERROR;
				CLANG_WARN_DOCUMENTATION_COMMENTS = YES;
				CLANG_WARN_EMPTY_BODY = YES;
				CLANG_WARN_ENUM_CONVERSION = YES;
				CLANG_WARN_INFINITE_RECURSION = YES;
				CLANG_WARN_INT_CONVERSION = YES;
				CLANG_WARN_NON_LITERAL_NULL_CONVERSION = YES;
				CLANG_WARN_OBJC_IMPLICIT_RETAIN_SELF = YES;
				CLANG_WARN_OBJC_LITERAL_CONVERSION = YES;
				CLANG_WARN_OBJC_ROOT_CLASS = YES_ERROR;
				CLANG_WARN_QUOTED_INCLUDE_IN_FRAMEWORK_HEADER = YES;
				CLANG_WARN_RANGE_LOOP_ANALYSIS = YES;
				CLANG_WARN_STRICT_PROTOTYPES = YES;
				CLANG_WARN_SUSPICIOUS_MOVE = YES;
				CLANG_WARN_UNGUARDED_AVAILABILITY = YES_AGGRESSIVE;
				CLANG_WARN_UNREACHABLE_CODE = YES;
				CLANG_WARN__DUPLICATE_METHOD_MATCH = YES;
				COPY_PHASE_STRIP = NO;
				CURRENT_PROJECT_VERSION = 1;
				DEBUG_INFORMATION_FORMAT = dwarf;
				ENABLE_STRICT_OBJC_MSGSEND = YES;
				ENABLE_TESTABILITY = YES;
				GCC_C_LANGUAGE_STANDARD = gnu11;
				GCC_DYNAMIC_NO_PIC = NO;
				GCC_NO_COMMON_BLOCKS = YES;
				GCC_OPTIMIZATION_LEVEL = 0;
				GCC_PREPROCESSOR_DEFINITIONS = (
					"DEBUG=1",
					"$(inherited)",
				);
				GCC_WARN_64_TO_32_BIT_CONVERSION = YES;
				GCC_WARN_ABOUT_RETURN_TYPE = YES_ERROR;
				GCC_WARN_UNDECLARED_SELECTOR = YES;
				GCC_WARN_UNINITIALIZED_AUTOS = YES_AGGRESSIVE;
				GCC_WARN_UNUSED_FUNCTION = YES;
				GCC_WARN_UNUSED_VARIABLE = YES;
				MTL_ENABLE_DEBUG_INFO = INCLUDE_SOURCE;
				MTL_FAST_MATH = YES;
				ONLY_ACTIVE_ARCH = YES;
				SWIFT_ACTIVE_COMPILATION_CONDITIONS = DEBUG;
				SWIFT_OPTIMIZATION_LEVEL = "-Onone";
				VERSIONING_SYSTEM = "apple-generic";
				VERSION_INFO_PREFIX = "";
			};
			name = Debug;
		};
		22B7DDE32AEA2B9B00F233EF /* Release */ = {
			isa = XCBuildConfiguration;
			buildSettings = {
				ALWAYS_SEARCH_USER_PATHS = NO;
				CLANG_ANALYZER_NONNULL = YES;
				CLANG_ANALYZER_NUMBER_OBJECT_CONVERSION = YES_AGGRESSIVE;
				CLANG_CXX_LANGUAGE_STANDARD = "gnu++20";
				CLANG_ENABLE_MODULES = YES;
				CLANG_ENABLE_OBJC_ARC = YES;
				CLANG_ENABLE_OBJC_WEAK = YES;
				CLANG_WARN_BLOCK_CAPTURE_AUTORELEASING = YES;
				CLANG_WARN_BOOL_CONVERSION = YES;
				CLANG_WARN_COMMA = YES;
				CLANG_WARN_CONSTANT_CONVERSION = YES;
				CLANG_WARN_DEPRECATED_OBJC_IMPLEMENTATIONS = YES;
				CLANG_WARN_DIRECT_OBJC_ISA_USAGE = YES_ERROR;
				CLANG_WARN_DOCUMENTATION_COMMENTS = YES;
				CLANG_WARN_EMPTY_BODY = YES;
				CLANG_WARN_ENUM_CONVERSION = YES;
				CLANG_WARN_INFINITE_RECURSION = YES;
				CLANG_WARN_INT_CONVERSION = YES;
				CLANG_WARN_NON_LITERAL_NULL_CONVERSION = YES;
				CLANG_WARN_OBJC_IMPLICIT_RETAIN_SELF = YES;
				CLANG_WARN_OBJC_LITERAL_CONVERSION = YES;
				CLANG_WARN_OBJC_ROOT_CLASS = YES_ERROR;
				CLANG_WARN_QUOTED_INCLUDE_IN_FRAMEWORK_HEADER = YES;
				CLANG_WARN_RANGE_LOOP_ANALYSIS = YES;
				CLANG_WARN_STRICT_PROTOTYPES = YES;
				CLANG_WARN_SUSPICIOUS_MOVE = YES;
				CLANG_WARN_UNGUARDED_AVAILABILITY = YES_AGGRESSIVE;
				CLANG_WARN_UNREACHABLE_CODE = YES;
				CLANG_WARN__DUPLICATE_METHOD_MATCH = YES;
				COPY_PHASE_STRIP = NO;
				CURRENT_PROJECT_VERSION = 1;
				DEBUG_INFORMATION_FORMAT = "dwarf-with-dsym";
				ENABLE_NS_ASSERTIONS = NO;
				ENABLE_STRICT_OBJC_MSGSEND = YES;
				GCC_C_LANGUAGE_STANDARD = gnu11;
				GCC_NO_COMMON_BLOCKS = YES;
				GCC_WARN_64_TO_32_BIT_CONVERSION = YES;
				GCC_WARN_ABOUT_RETURN_TYPE = YES_ERROR;
				GCC_WARN_UNDECLARED_SELECTOR = YES;
				GCC_WARN_UNINITIALIZED_AUTOS = YES_AGGRESSIVE;
				GCC_WARN_UNUSED_FUNCTION = YES;
				GCC_WARN_UNUSED_VARIABLE = YES;
				MTL_ENABLE_DEBUG_INFO = NO;
				MTL_FAST_MATH = YES;
				SWIFT_COMPILATION_MODE = wholemodule;
				SWIFT_OPTIMIZATION_LEVEL = "-O";
				VERSIONING_SYSTEM = "apple-generic";
				VERSION_INFO_PREFIX = "";
			};
			name = Release;
		};
		22B7DDE52AEA2B9B00F233EF /* Debug */ = {
			isa = XCBuildConfiguration;
			buildSettings = {
				CLANG_ENABLE_MODULES = YES;
				CODE_SIGN_STYLE = Automatic;
				CURRENT_PROJECT_VERSION = 1;
				DEFINES_MODULE = YES;
				DEVELOPMENT_TEAM = 9F2D4H2CZL;
				DYLIB_COMPATIBILITY_VERSION = 1;
				DYLIB_CURRENT_VERSION = 1;
				DYLIB_INSTALL_NAME_BASE = "@rpath";
				ENABLE_MODULE_VERIFIER = YES;
				GENERATE_INFOPLIST_FILE = YES;
				INFOPLIST_KEY_NSHumanReadableCopyright = "";
				INSTALL_PATH = "$(LOCAL_LIBRARY_DIR)/Frameworks";
				IPHONEOS_DEPLOYMENT_TARGET = 16.4;
				LD_RUNPATH_SEARCH_PATHS = (
					"@executable_path/Frameworks",
					"@loader_path/Frameworks",
				);
				"LD_RUNPATH_SEARCH_PATHS[sdk=macosx*]" = (
					"@executable_path/../Frameworks",
					"@loader_path/Frameworks",
				);
				MACOSX_DEPLOYMENT_TARGET = 13.3;
				MARKETING_VERSION = 1.0;
				MODULE_VERIFIER_SUPPORTED_LANGUAGES = "objective-c objective-c++";
				MODULE_VERIFIER_SUPPORTED_LANGUAGE_STANDARDS = "gnu11 gnu++20";
				PRODUCT_BUNDLE_IDENTIFIER = sinhlh.Marvel;
				PRODUCT_NAME = "$(TARGET_NAME:c99extidentifier)";
				SDKROOT = auto;
				SKIP_INSTALL = YES;
				SUPPORTED_PLATFORMS = "iphoneos iphonesimulator macosx";
				SWIFT_EMIT_LOC_STRINGS = YES;
				SWIFT_OPTIMIZATION_LEVEL = "-Onone";
				SWIFT_VERSION = 5.0;
				TARGETED_DEVICE_FAMILY = "1,2";
			};
			name = Debug;
		};
		22B7DDE62AEA2B9B00F233EF /* Release */ = {
			isa = XCBuildConfiguration;
			buildSettings = {
				CLANG_ENABLE_MODULES = YES;
				CODE_SIGN_STYLE = Automatic;
				CURRENT_PROJECT_VERSION = 1;
				DEFINES_MODULE = YES;
				DEVELOPMENT_TEAM = 9F2D4H2CZL;
				DYLIB_COMPATIBILITY_VERSION = 1;
				DYLIB_CURRENT_VERSION = 1;
				DYLIB_INSTALL_NAME_BASE = "@rpath";
				ENABLE_MODULE_VERIFIER = YES;
				GENERATE_INFOPLIST_FILE = YES;
				INFOPLIST_KEY_NSHumanReadableCopyright = "";
				INSTALL_PATH = "$(LOCAL_LIBRARY_DIR)/Frameworks";
				IPHONEOS_DEPLOYMENT_TARGET = 16.4;
				LD_RUNPATH_SEARCH_PATHS = (
					"@executable_path/Frameworks",
					"@loader_path/Frameworks",
				);
				"LD_RUNPATH_SEARCH_PATHS[sdk=macosx*]" = (
					"@executable_path/../Frameworks",
					"@loader_path/Frameworks",
				);
				MACOSX_DEPLOYMENT_TARGET = 13.3;
				MARKETING_VERSION = 1.0;
				MODULE_VERIFIER_SUPPORTED_LANGUAGES = "objective-c objective-c++";
				MODULE_VERIFIER_SUPPORTED_LANGUAGE_STANDARDS = "gnu11 gnu++20";
				PRODUCT_BUNDLE_IDENTIFIER = sinhlh.Marvel;
				PRODUCT_NAME = "$(TARGET_NAME:c99extidentifier)";
				SDKROOT = auto;
				SKIP_INSTALL = YES;
				SUPPORTED_PLATFORMS = "iphoneos iphonesimulator macosx";
				SWIFT_EMIT_LOC_STRINGS = YES;
				SWIFT_VERSION = 5.0;
				TARGETED_DEVICE_FAMILY = "1,2";
			};
			name = Release;
		};
		22B7DDE82AEA2B9B00F233EF /* Debug */ = {
			isa = XCBuildConfiguration;
			buildSettings = {
				ALWAYS_EMBED_SWIFT_STANDARD_LIBRARIES = YES;
				CODE_SIGN_STYLE = Automatic;
				CURRENT_PROJECT_VERSION = 1;
				DEVELOPMENT_TEAM = 9F2D4H2CZL;
				GENERATE_INFOPLIST_FILE = YES;
				IPHONEOS_DEPLOYMENT_TARGET = 16.4;
				MACOSX_DEPLOYMENT_TARGET = 13.3;
				MARKETING_VERSION = 1.0;
				PRODUCT_BUNDLE_IDENTIFIER = sinhlh.MarvelTests;
				PRODUCT_NAME = "$(TARGET_NAME)";
				SDKROOT = auto;
				SUPPORTED_PLATFORMS = "iphoneos iphonesimulator macosx";
				SWIFT_EMIT_LOC_STRINGS = NO;
				SWIFT_VERSION = 5.0;
				TARGETED_DEVICE_FAMILY = "1,2";
			};
			name = Debug;
		};
		22B7DDE92AEA2B9B00F233EF /* Release */ = {
			isa = XCBuildConfiguration;
			buildSettings = {
				ALWAYS_EMBED_SWIFT_STANDARD_LIBRARIES = YES;
				CODE_SIGN_STYLE = Automatic;
				CURRENT_PROJECT_VERSION = 1;
				DEVELOPMENT_TEAM = 9F2D4H2CZL;
				GENERATE_INFOPLIST_FILE = YES;
				IPHONEOS_DEPLOYMENT_TARGET = 16.4;
				MACOSX_DEPLOYMENT_TARGET = 13.3;
				MARKETING_VERSION = 1.0;
				PRODUCT_BUNDLE_IDENTIFIER = sinhlh.MarvelTests;
				PRODUCT_NAME = "$(TARGET_NAME)";
				SDKROOT = auto;
				SUPPORTED_PLATFORMS = "iphoneos iphonesimulator macosx";
				SWIFT_EMIT_LOC_STRINGS = NO;
				SWIFT_VERSION = 5.0;
				TARGETED_DEVICE_FAMILY = "1,2";
			};
			name = Release;
		};
		22D787642AEAAD17001F7B6F /* Debug */ = {
			isa = XCBuildConfiguration;
			buildSettings = {
				CODE_SIGN_STYLE = Automatic;
				CURRENT_PROJECT_VERSION = 1;
				DEVELOPMENT_TEAM = 9F2D4H2CZL;
				GENERATE_INFOPLIST_FILE = YES;
				MACOSX_DEPLOYMENT_TARGET = 13.3;
				MARKETING_VERSION = 1.0;
				PRODUCT_BUNDLE_IDENTIFIER = sinhlh.MarvelEndToEndTests;
				PRODUCT_NAME = "$(TARGET_NAME)";
				SDKROOT = macosx;
				SWIFT_EMIT_LOC_STRINGS = NO;
				SWIFT_VERSION = 5.0;
			};
			name = Debug;
		};
		22D787652AEAAD17001F7B6F /* Release */ = {
			isa = XCBuildConfiguration;
			buildSettings = {
				CODE_SIGN_STYLE = Automatic;
				CURRENT_PROJECT_VERSION = 1;
				DEVELOPMENT_TEAM = 9F2D4H2CZL;
				GENERATE_INFOPLIST_FILE = YES;
				MACOSX_DEPLOYMENT_TARGET = 13.3;
				MARKETING_VERSION = 1.0;
				PRODUCT_BUNDLE_IDENTIFIER = sinhlh.MarvelEndToEndTests;
				PRODUCT_NAME = "$(TARGET_NAME)";
				SDKROOT = macosx;
				SWIFT_EMIT_LOC_STRINGS = NO;
				SWIFT_VERSION = 5.0;
			};
			name = Release;
		};
/* End XCBuildConfiguration section */

/* Begin XCConfigurationList section */
		22B5A2EE2AEB3BA400FC081C /* Build configuration list for PBXNativeTarget "CharacteriOS" */ = {
			isa = XCConfigurationList;
			buildConfigurations = (
				22B5A2EA2AEB3BA400FC081C /* Debug */,
				22B5A2EB2AEB3BA400FC081C /* Release */,
			);
			defaultConfigurationIsVisible = 0;
			defaultConfigurationName = Release;
		};
		22B5A2EF2AEB3BA400FC081C /* Build configuration list for PBXNativeTarget "CharacteriOSTests" */ = {
			isa = XCConfigurationList;
			buildConfigurations = (
				22B5A2EC2AEB3BA400FC081C /* Debug */,
				22B5A2ED2AEB3BA400FC081C /* Release */,
			);
			defaultConfigurationIsVisible = 0;
			defaultConfigurationName = Release;
		};
		22B7DDCC2AEA2B9B00F233EF /* Build configuration list for PBXProject "Marvel" */ = {
			isa = XCConfigurationList;
			buildConfigurations = (
				22B7DDE22AEA2B9B00F233EF /* Debug */,
				22B7DDE32AEA2B9B00F233EF /* Release */,
			);
			defaultConfigurationIsVisible = 0;
			defaultConfigurationName = Release;
		};
		22B7DDE42AEA2B9B00F233EF /* Build configuration list for PBXNativeTarget "Marvel" */ = {
			isa = XCConfigurationList;
			buildConfigurations = (
				22B7DDE52AEA2B9B00F233EF /* Debug */,
				22B7DDE62AEA2B9B00F233EF /* Release */,
			);
			defaultConfigurationIsVisible = 0;
			defaultConfigurationName = Release;
		};
		22B7DDE72AEA2B9B00F233EF /* Build configuration list for PBXNativeTarget "MarvelTests" */ = {
			isa = XCConfigurationList;
			buildConfigurations = (
				22B7DDE82AEA2B9B00F233EF /* Debug */,
				22B7DDE92AEA2B9B00F233EF /* Release */,
			);
			defaultConfigurationIsVisible = 0;
			defaultConfigurationName = Release;
		};
		22D787632AEAAD17001F7B6F /* Build configuration list for PBXNativeTarget "MarvelEndToEndTests" */ = {
			isa = XCConfigurationList;
			buildConfigurations = (
				22D787642AEAAD17001F7B6F /* Debug */,
				22D787652AEAAD17001F7B6F /* Release */,
			);
			defaultConfigurationIsVisible = 0;
			defaultConfigurationName = Release;
		};
/* End XCConfigurationList section */
	};
	rootObject = 22B7DDC92AEA2B9B00F233EF /* Project object */;
}
